
Microsoft Visual Studio Solution File, Format Version 12.00
# Visual Studio 15
VisualStudioVersion = 15.0.27703.2042
MinimumVisualStudioVersion = 10.0.40219.1
Project("{FAE04EC0-301F-11D3-BF4B-00C04F79EFBC}") = "CoreTestWebApp", "CoreTestWebApp\CoreTestWebApp.csproj", "{FD3CA8CF-FE4A-4F07-8AEE-14D108569226}"
EndProject
Global
	GlobalSection(SolutionConfigurationPlatforms) = preSolution
		Debug|Any CPU = Debug|Any CPU
		Release|Any CPU = Release|Any CPU
	EndGlobalSection
	GlobalSection(ProjectConfigurationPlatforms) = postSolution
		{FD3CA8CF-FE4A-4F07-8AEE-14D108569226}.Debug|Any CPU.ActiveCfg = Debug|Any CPU
		{FD3CA8CF-FE4A-4F07-8AEE-14D108569226}.Debug|Any CPU.Build.0 = Debug|Any CPU
		{FD3CA8CF-FE4A-4F07-8AEE-14D108569226}.Release|Any CPU.ActiveCfg = Release|Any CPU
		{FD3CA8CF-FE4A-4F07-8AEE-14D108569226}.Release|Any CPU.Build.0 = Release|Any CPU
	EndGlobalSection
	GlobalSection(SolutionProperties) = preSolution
		HideSolutionNode = FALSE
	EndGlobalSection
	GlobalSection(ExtensibilityGlobals) = postSolution
		SolutionGuid = {EC901FEC-4E01-4FE8-8E4E-846B71F33E8D}
	EndGlobalSection
EndGlobal
